
Microsoft Visual Studio Solution File, Format Version 12.00
# Visual Studio Version 16
VisualStudioVersion = 16.0.29215.179
MinimumVisualStudioVersion = 10.0.40219.1
Project("{9A19103F-16F7-4668-BE54-9A1E7A4F7556}") = "Web", "Web\Web.csproj", "{F7084F24-05EA-4C0B-AB25-27E78842EB61}"
EndProject
Project("{9A19103F-16F7-4668-BE54-9A1E7A4F7556}") = "Data.Core", "Data.Core\Data.Core.csproj", "{4CD8C787-B453-43B0-B3E6-1F27F6DF49F3}"
EndProject
Project("{FAE04EC0-301F-11D3-BF4B-00C04F79EFBC}") = "EventBus", "EventBus\EventBus.csproj", "{30528FAC-5386-4A0F-86B0-3655A21A65A6}"
EndProject
Global
	GlobalSection(SolutionConfigurationPlatforms) = preSolution
		Debug|Any CPU = Debug|Any CPU
		Release|Any CPU = Release|Any CPU
	EndGlobalSection
	GlobalSection(ProjectConfigurationPlatforms) = postSolution
		{F7084F24-05EA-4C0B-AB25-27E78842EB61}.Debug|Any CPU.ActiveCfg = Debug|Any CPU
		{F7084F24-05EA-4C0B-AB25-27E78842EB61}.Debug|Any CPU.Build.0 = Debug|Any CPU
		{F7084F24-05EA-4C0B-AB25-27E78842EB61}.Release|Any CPU.ActiveCfg = Release|Any CPU
		{F7084F24-05EA-4C0B-AB25-27E78842EB61}.Release|Any CPU.Build.0 = Release|Any CPU
		{4CD8C787-B453-43B0-B3E6-1F27F6DF49F3}.Debug|Any CPU.ActiveCfg = Debug|Any CPU
		{4CD8C787-B453-43B0-B3E6-1F27F6DF49F3}.Debug|Any CPU.Build.0 = Debug|Any CPU
		{4CD8C787-B453-43B0-B3E6-1F27F6DF49F3}.Release|Any CPU.ActiveCfg = Release|Any CPU
		{4CD8C787-B453-43B0-B3E6-1F27F6DF49F3}.Release|Any CPU.Build.0 = Release|Any CPU
		{30528FAC-5386-4A0F-86B0-3655A21A65A6}.Debug|Any CPU.ActiveCfg = Debug|Any CPU
		{30528FAC-5386-4A0F-86B0-3655A21A65A6}.Debug|Any CPU.Build.0 = Debug|Any CPU
		{30528FAC-5386-4A0F-86B0-3655A21A65A6}.Release|Any CPU.ActiveCfg = Release|Any CPU
		{30528FAC-5386-4A0F-86B0-3655A21A65A6}.Release|Any CPU.Build.0 = Release|Any CPU
	EndGlobalSection
	GlobalSection(SolutionProperties) = preSolution
		HideSolutionNode = FALSE
	EndGlobalSection
	GlobalSection(ExtensibilityGlobals) = postSolution
		SolutionGuid = {3AA41D2B-6EDE-43C5-88A9-6AF6C52185F5}
	EndGlobalSection
EndGlobal
